# This file is generated by running "yarn install" inside your project.
# Manual changes might be lost - proceed with caution!

__metadata:
  version: 6
  cacheKey: 8

"@cspotcode/source-map-support@npm:^0.8.0":
  version: 0.8.1
  resolution: "@cspotcode/source-map-support@npm:0.8.1"
  dependencies:
    "@jridgewell/trace-mapping": 0.3.9
  checksum: 5718f267085ed8edb3e7ef210137241775e607ee18b77d95aa5bd7514f47f5019aa2d82d96b3bf342ef7aa890a346fa1044532ff7cc3009e7d24fce3ce6200fa
  languageName: node
  linkType: hard

"@jridgewell/resolve-uri@npm:^3.0.3":
  version: 3.0.7
  resolution: "@jridgewell/resolve-uri@npm:3.0.7"
  checksum: 94f454f4cef8f0acaad85745fd3ca6cd0d62ef731cf9f952ecb89b8b2ce5e20998cd52be31311cedc5fa5b28b1708a15f3ad9df0fe1447ee4f42959b036c4b5b
  languageName: node
  linkType: hard

"@jridgewell/sourcemap-codec@npm:^1.4.10":
  version: 1.4.13
  resolution: "@jridgewell/sourcemap-codec@npm:1.4.13"
  checksum: f14449096f60a5f921262322fef65ce0bbbfb778080b3b20212080bcefdeba621c43a58c27065bd536ecb4cc767b18eb9c45f15b6b98a4970139572b60603a1c
  languageName: node
  linkType: hard

"@jridgewell/trace-mapping@npm:0.3.9":
  version: 0.3.9
  resolution: "@jridgewell/trace-mapping@npm:0.3.9"
  dependencies:
    "@jridgewell/resolve-uri": ^3.0.3
    "@jridgewell/sourcemap-codec": ^1.4.10
  checksum: d89597752fd88d3f3480845691a05a44bd21faac18e2185b6f436c3b0fd0c5a859fbbd9aaa92050c4052caf325ad3e10e2e1d1b64327517471b7d51babc0ddef
  languageName: node
  linkType: hard

"@tsconfig/node10@npm:^1.0.7":
  version: 1.0.8
  resolution: "@tsconfig/node10@npm:1.0.8"
  checksum: b8d5fffbc6b17ef64ef74f7fdbccee02a809a063ade785c3648dae59406bc207f70ea2c4296f92749b33019fa36a5ae716e42e49cc7f1bbf0fd147be0d6b970a
  languageName: node
  linkType: hard

"@tsconfig/node12@npm:^1.0.7":
  version: 1.0.9
  resolution: "@tsconfig/node12@npm:1.0.9"
  checksum: a01b2400ab3582b86b589c6d31dcd0c0656f333adecde85d6d7d4086adb059808b82692380bb169546d189bf771ae21d02544a75b57bd6da4a5dd95f8567bec9
  languageName: node
  linkType: hard

"@tsconfig/node14@npm:^1.0.0":
  version: 1.0.1
  resolution: "@tsconfig/node14@npm:1.0.1"
  checksum: 976345e896c0f059867f94f8d0f6ddb8b1844fb62bf36b727de8a9a68f024857e5db97ed51d3325e23e0616a5e48c034ff51a8d595b3fe7e955f3587540489be
  languageName: node
  linkType: hard

"@tsconfig/node16@npm:^1.0.2":
  version: 1.0.2
  resolution: "@tsconfig/node16@npm:1.0.2"
  checksum: ca94d3639714672bbfd55f03521d3f56bb6a25479bd425da81faf21f13e1e9d15f40f97377dedbbf477a5841c5b0c8f4cd1b391f33553d750b9202c54c2c07aa
  languageName: node
  linkType: hard

"@types/node@npm:*, @types/node@npm:^20.11.30":
  version: 20.11.30
  resolution: "@types/node@npm:20.11.30"
  dependencies:
    undici-types: ~5.26.4
  checksum: 7597767aa3e44b0f1bf62efa522dd17741135f283c11de6a20ead8bb7016fb4999cc30adcd8f2bb29ebb216906c92894346ccd187de170927dc1e212d2c07c81
  languageName: node
  linkType: hard

"@types/pg@npm:^8.11.3":
  version: 8.11.3
  resolution: "@types/pg@npm:8.11.3"
  dependencies:
    "@types/node": "*"
    pg-protocol: "*"
    pg-types: ^4.0.1
  checksum: 7a2ae739aefcf21db7c2f6e45f4ce887d3f12680ccd06024454230743f767eab2b518cfd2f23984a6b7f245cb0664011ffb1ca7db0761c39df00c3669810312c
  languageName: node
  linkType: hard

"@types/sinon@npm:^17.0.3":
  version: 17.0.3
  resolution: "@types/sinon@npm:17.0.3"
  dependencies:
    "@types/sinonjs__fake-timers": "*"
  checksum: c8e9956d9c90fe1ec1cc43085ae48897f93f9ea86e909ab47f255ea71f5229651faa070393950fb6923aef426c84e92b375503f9f8886ef44668b82a8ee49e9a
  languageName: node
  linkType: hard

"@types/sinonjs__fake-timers@npm:*":
  version: 8.1.1
  resolution: "@types/sinonjs__fake-timers@npm:8.1.1"
  checksum: ca09d54d47091d87020824a73f026300fa06b17cd9f2f9b9387f28b549364b141ef194ee28db762f6588de71d8febcd17f753163cb7ea116b8387c18e80ebd5c
  languageName: node
  linkType: hard

"@vramework/schemats@workspace:.":
  version: 0.0.0-use.local
  resolution: "@vramework/schemats@workspace:."
  dependencies:
    "@types/node": ^20.11.30
    "@types/pg": ^8.11.3
    "@types/sinon": ^17.0.3
    camelcase: ^6
    commander: ^12.0.0
    mysql2: ^3.9.2
    pg: ^8.11.3
    ts-node: ^10.9.2
    typescript: ^5.4.2
  bin:
    schemats: dist/bin/schemats.js
  languageName: unknown
  linkType: soft

"acorn-walk@npm:^8.1.1":
  version: 8.1.1
  resolution: "acorn-walk@npm:8.1.1"
  checksum: 5e4dafbcec14fbfac96e1f13726273e969a30fdf607ed4eb6ca335292f85b8c896393fee15837a8f2b27afd7ede0f1c6edb5b5e6d0123a8821fee1a834318e62
  languageName: node
  linkType: hard

"acorn@npm:^8.4.1":
  version: 8.4.1
  resolution: "acorn@npm:8.4.1"
  bin:
    acorn: bin/acorn
  checksum: 0a8fd264349285aa36194b26a5a9d70c3641e78ad459ec44b9a9a5738e0ce6d86ec120ca2c0f04477165cee912fdeb158f62d6582697185c82278bdbf71187f8
  languageName: node
  linkType: hard

"arg@npm:^4.1.0":
  version: 4.1.3
  resolution: "arg@npm:4.1.3"
  checksum: 544af8dd3f60546d3e4aff084d451b96961d2267d668670199692f8d054f0415d86fc5497d0e641e91546f0aa920e7c29e5250e99fc89f5552a34b5d93b77f43
  languageName: node
  linkType: hard

"buffer-writer@npm:2.0.0":
  version: 2.0.0
  resolution: "buffer-writer@npm:2.0.0"
  checksum: 11736b48bb75106c52ca8ec9f025e7c1b3b25ce31875f469d7210eabd5c576c329e34f6b805d4a8d605ff3f0db1e16342328802c4c963e9c826b0e43a4e631c2
  languageName: node
  linkType: hard

"camelcase@npm:^6":
  version: 6.3.0
  resolution: "camelcase@npm:6.3.0"
  checksum: 8c96818a9076434998511251dcb2761a94817ea17dbdc37f47ac080bd088fc62c7369429a19e2178b993497132c8cbcf5cc1f44ba963e76782ba469c0474938d
  languageName: node
  linkType: hard

"commander@npm:^12.0.0":
  version: 12.0.0
  resolution: "commander@npm:12.0.0"
  checksum: bce9e243dc008baba6b8d923f95b251ad115e6e7551a15838d7568abebcca0fc832da1800cf37caf37852f35ce4b7fb794ba7a4824b88c5adb1395f9268642df
  languageName: node
  linkType: hard

"create-require@npm:^1.1.0":
  version: 1.1.1
  resolution: "create-require@npm:1.1.1"
  checksum: a9a1503d4390d8b59ad86f4607de7870b39cad43d929813599a23714831e81c520bddf61bcdd1f8e30f05fd3a2b71ae8538e946eb2786dc65c2bbc520f692eff
  languageName: node
  linkType: hard

"denque@npm:^2.1.0":
  version: 2.1.0
  resolution: "denque@npm:2.1.0"
  checksum: 1d4ae1d05e59ac3a3481e7b478293f4b4c813819342273f3d5b826c7ffa9753c520919ba264f377e09108d24ec6cf0ec0ac729a5686cbb8f32d797126c5dae74
  languageName: node
  linkType: hard

"diff@npm:^4.0.1":
  version: 4.0.2
  resolution: "diff@npm:4.0.2"
  checksum: f2c09b0ce4e6b301c221addd83bf3f454c0bc00caa3dd837cf6c127d6edf7223aa2bbe3b688feea110b7f262adbfc845b757c44c8a9f8c0c5b15d8fa9ce9d20d
  languageName: node
  linkType: hard

"generate-function@npm:^2.3.1":
  version: 2.3.1
  resolution: "generate-function@npm:2.3.1"
  dependencies:
    is-property: ^1.0.2
  checksum: 652f083de206ead2bae4caf9c7eeb465e8d98c0b8ed2a29c6afc538cef0785b5c6eea10548f1e13cc586d3afd796c13c830c2cb3dc612ec2457b2aadda5f57c9
  languageName: node
  linkType: hard

"iconv-lite@npm:^0.6.3":
  version: 0.6.3
  resolution: "iconv-lite@npm:0.6.3"
  dependencies:
    safer-buffer: ">= 2.1.2 < 3.0.0"
  checksum: 3f60d47a5c8fc3313317edfd29a00a692cc87a19cac0159e2ce711d0ebc9019064108323b5e493625e25594f11c6236647d8e256fbe7a58f4a3b33b89e6d30bf
  languageName: node
  linkType: hard

"inherits@npm:^2.0.3":
  version: 2.0.4
  resolution: "inherits@npm:2.0.4"
  checksum: 4a48a733847879d6cf6691860a6b1e3f0f4754176e4d71494c41f3475553768b10f84b5ce1d40fbd0e34e6bfbb864ee35858ad4dd2cf31e02fc4a154b724d7f1
  languageName: node
  linkType: hard

"is-property@npm:^1.0.2":
  version: 1.0.2
  resolution: "is-property@npm:1.0.2"
  checksum: 33b661a3690bcc88f7e47bb0a21b9e3187e76a317541ea7ec5e8096d954f441b77a46d8930c785f7fbf4ef8dfd624c25495221e026e50f74c9048fe501773be5
  languageName: node
  linkType: hard

"long@npm:^5.2.1":
  version: 5.2.3
  resolution: "long@npm:5.2.3"
  checksum: 885ede7c3de4facccbd2cacc6168bae3a02c3e836159ea4252c87b6e34d40af819824b2d4edce330bfb5c4d6e8ce3ec5864bdcf9473fa1f53a4f8225860e5897
  languageName: node
  linkType: hard

"lru-cache@npm:^7.14.1":
  version: 7.18.3
  resolution: "lru-cache@npm:7.18.3"
  checksum: e550d772384709deea3f141af34b6d4fa392e2e418c1498c078de0ee63670f1f46f5eee746e8ef7e69e1c895af0d4224e62ee33e66a543a14763b0f2e74c1356
  languageName: node
  linkType: hard

"lru-cache@npm:^8.0.0":
  version: 8.0.5
  resolution: "lru-cache@npm:8.0.5"
  checksum: 87d72196d8f46e8299c4ab576ed2ec8a07e3cbef517dc9874399c0b2470bd9bf62aacec3b67f84ed6d74aaa1ef31636d048edf996f76248fd17db72bfb631609
  languageName: node
  linkType: hard

"make-error@npm:^1.1.1":
  version: 1.3.6
  resolution: "make-error@npm:1.3.6"
  checksum: b86e5e0e25f7f777b77fabd8e2cbf15737972869d852a22b7e73c17623928fccb826d8e46b9951501d3f20e51ad74ba8c59ed584f610526a48f8ccf88aaec402
  languageName: node
  linkType: hard

"mysql2@npm:^3.9.2":
  version: 3.9.2
  resolution: "mysql2@npm:3.9.2"
  dependencies:
    denque: ^2.1.0
    generate-function: ^2.3.1
    iconv-lite: ^0.6.3
    long: ^5.2.1
    lru-cache: ^8.0.0
    named-placeholders: ^1.1.3
    seq-queue: ^0.0.5
    sqlstring: ^2.3.2
  checksum: a236a52659d67812af494bc41d09a2bd906d12755887ba75bbdf271c25ad5668030e0a2e91dc61ba4b3b225fb2b5a6aa07a168e077fcdaf50d6a73930c11de5d
  languageName: node
  linkType: hard

"named-placeholders@npm:^1.1.3":
  version: 1.1.3
  resolution: "named-placeholders@npm:1.1.3"
  dependencies:
    lru-cache: ^7.14.1
  checksum: 7834adc91e92ae1b9c4413384e3ccd297de5168bb44017ff0536705ddc4db421723bd964607849265feb3f6ded390f84cf138e5925f22f7c13324f87a803dc73
  languageName: node
  linkType: hard

"obuf@npm:~1.1.2":
  version: 1.1.2
  resolution: "obuf@npm:1.1.2"
  checksum: 41a2ba310e7b6f6c3b905af82c275bf8854896e2e4c5752966d64cbcd2f599cfffd5932006bcf3b8b419dfdacebb3a3912d5d94e10f1d0acab59876c8757f27f
  languageName: node
  linkType: hard

"packet-reader@npm:1.0.0":
  version: 1.0.0
  resolution: "packet-reader@npm:1.0.0"
  checksum: 0b7516f0cbf3e322aad591bed29ba544220088c53943145c0d9121a6f59182ad811f7fd6785a8979a34356aca69d97653689029964c5998dc02645633d88ffd7
  languageName: node
  linkType: hard

"pg-cloudflare@npm:^1.1.1":
  version: 1.1.1
  resolution: "pg-cloudflare@npm:1.1.1"
  checksum: 32aac06b5dc4588bbf78801b6267781bc7e13be672009df949d08e9627ba9fdc26924916665d4de99d47f9b0495301930547488dad889d826856976c7b3f3731
  languageName: node
  linkType: hard

"pg-connection-string@npm:^2.6.2":
  version: 2.6.2
  resolution: "pg-connection-string@npm:2.6.2"
  checksum: 22265882c3b6f2320785378d0760b051294a684989163d5a1cde4009e64e84448d7bf67d9a7b9e7f69440c3ee9e2212f9aa10dd17ad6773f6143c6020cebbcb5
  languageName: node
  linkType: hard

"pg-int8@npm:1.0.1":
  version: 1.0.1
  resolution: "pg-int8@npm:1.0.1"
  checksum: a1e3a05a69005ddb73e5f324b6b4e689868a447c5fa280b44cd4d04e6916a344ac289e0b8d2695d66e8e89a7fba023affb9e0e94778770ada5df43f003d664c9
  languageName: node
  linkType: hard

"pg-numeric@npm:1.0.2":
  version: 1.0.2
  resolution: "pg-numeric@npm:1.0.2"
  checksum: 8899f8200caa1744439a8778a9eb3ceefb599d893e40a09eef84ee0d4c151319fd416634a6c0fc7b7db4ac268710042da5be700b80ef0de716fe089b8652c84f
  languageName: node
  linkType: hard

"pg-pool@npm:^3.6.1":
  version: 3.6.1
  resolution: "pg-pool@npm:3.6.1"
  peerDependencies:
    pg: ">=8.0"
  checksum: 8a6513e6f74a794708c9dd16d2ccda0debadc56435ec2582de2b2e35b01315550c5dab8a0a9a2a16f4adce45523228f5739940fb7687ec7e9c300f284eb08fd1
  languageName: node
  linkType: hard

"pg-protocol@npm:*, pg-protocol@npm:^1.6.0":
  version: 1.6.0
  resolution: "pg-protocol@npm:1.6.0"
  checksum: e12662d2de2011e0c3a03f6a09f435beb1025acdc860f181f18a600a5495dc38a69d753bbde1ace279c8c442536af9c1a7c11e1d0fe3fad3aa1348b28d9d2683
  languageName: node
  linkType: hard

"pg-types@npm:^2.1.0":
  version: 2.2.0
  resolution: "pg-types@npm:2.2.0"
  dependencies:
    pg-int8: 1.0.1
    postgres-array: ~2.0.0
    postgres-bytea: ~1.0.0
    postgres-date: ~1.0.4
    postgres-interval: ^1.1.0
  checksum: bf4ec3f594743442857fb3a8dfe5d2478a04c98f96a0a47365014557cbc0b4b0cee01462c79adca863b93befbf88f876299b75b72c665b5fb84a2c94fbd10316
  languageName: node
  linkType: hard

"pg-types@npm:^4.0.1":
  version: 4.0.2
  resolution: "pg-types@npm:4.0.2"
  dependencies:
    pg-int8: 1.0.1
    pg-numeric: 1.0.2
    postgres-array: ~3.0.1
    postgres-bytea: ~3.0.0
    postgres-date: ~2.1.0
    postgres-interval: ^3.0.0
    postgres-range: ^1.1.1
  checksum: c4b813382d4a75f87462fab3245d5422b86ba1a54a1b330e6b43a459c127b4d02553dc7e5b4ae4fa0f5f17971d416eb393810f69ff6d30d986e45c2f20778c55
  languageName: node
  linkType: hard

"pg@npm:^8.11.3":
  version: 8.11.3
  resolution: "pg@npm:8.11.3"
  dependencies:
    buffer-writer: 2.0.0
    packet-reader: 1.0.0
    pg-cloudflare: ^1.1.1
    pg-connection-string: ^2.6.2
    pg-pool: ^3.6.1
    pg-protocol: ^1.6.0
    pg-types: ^2.1.0
    pgpass: 1.x
  peerDependencies:
    pg-native: ">=3.0.1"
  dependenciesMeta:
    pg-cloudflare:
      optional: true
  peerDependenciesMeta:
    pg-native:
      optional: true
  checksum: 8af9468b8969fa0d73a6b349216c8cbc953d938fcae5594f2d24043060e9226a072c8085fc4230172b5576fcab4c39c8563c655f271dc2a9209b6ad5370cafe5
  languageName: node
  linkType: hard

"pgpass@npm:1.x":
  version: 1.0.4
  resolution: "pgpass@npm:1.0.4"
  dependencies:
    split2: ^3.1.1
  checksum: ea4751e9ecf345f1e1deccec761a28576eb9f2775a4689e61f5c010a9a812defdd06043918dcb99ebcb503f57bfce33fe34890b12011629d2fba859c21aa2fed
  languageName: node
  linkType: hard

"postgres-array@npm:~2.0.0":
  version: 2.0.0
  resolution: "postgres-array@npm:2.0.0"
  checksum: 0e1e659888147c5de579d229a2d95c0d83ebdbffc2b9396d890a123557708c3b758a0a97ed305ce7f58edfa961fa9f0bbcd1ea9f08b6e5df73322e683883c464
  languageName: node
  linkType: hard

"postgres-array@npm:~3.0.1":
  version: 3.0.2
  resolution: "postgres-array@npm:3.0.2"
  checksum: 5955f9dffeb6fa960c1a0b04fd4b2ba16813ddb636934ad26f902e4d76a91c0b743dcc6edc4cffc52deba7d547505e0020adea027c1d50a774f989cf955420d1
  languageName: node
  linkType: hard

"postgres-bytea@npm:~1.0.0":
  version: 1.0.0
  resolution: "postgres-bytea@npm:1.0.0"
  checksum: d844ae4ca7a941b70e45cac1261a73ee8ed39d72d3d74ab1d645248185a1b7f0ac91a3c63d6159441020f4e1f7fe64689ac56536a307b31cef361e5187335090
  languageName: node
  linkType: hard

"postgres-bytea@npm:~3.0.0":
  version: 3.0.0
  resolution: "postgres-bytea@npm:3.0.0"
  dependencies:
    obuf: ~1.1.2
  checksum: 5f917a003fcaa0df7f285e1c37108ad474ce91193466b9bd4bcaecef2cdea98ca069c00aa6a8dbe6d2e7192336cadc3c9b36ae48d1555a299521918e00e2936b
  languageName: node
  linkType: hard

"postgres-date@npm:~1.0.4":
  version: 1.0.7
  resolution: "postgres-date@npm:1.0.7"
  checksum: 5745001d47e51cd767e46bcb1710649cd705d91a24d42fa661c454b6dcbb7353c066a5047983c90a626cd3bbfea9e626cc6fa84a35ec57e5bbb28b49f78e13ed
  languageName: node
  linkType: hard

"postgres-date@npm:~2.1.0":
  version: 2.1.0
  resolution: "postgres-date@npm:2.1.0"
  checksum: 5c573b0602e17c6134fd8bc8ac7689ac0302e1b199f15dd3578fc45186f206dbd0609f97bf0e4bd1db62234d7a37f29c04f4df525f7efebb9304363b2efca272
  languageName: node
  linkType: hard

"postgres-interval@npm:^1.1.0":
  version: 1.2.0
  resolution: "postgres-interval@npm:1.2.0"
  dependencies:
    xtend: ^4.0.0
  checksum: 746b71f93805ae33b03528e429dc624706d1f9b20ee81bf743263efb6a0cd79ae02a642a8a480dbc0f09547b4315ab7df6ce5ec0be77ed700bac42730f5c76b2
  languageName: node
  linkType: hard

"postgres-interval@npm:^3.0.0":
  version: 3.0.0
  resolution: "postgres-interval@npm:3.0.0"
  checksum: c7a1cf006de97de663b6b8c4d2b167aa9909a238c4866a94b15d303762f5ac884ff4796cd6e2111b7f0a91302b83c570453aa8506fd005b5a5d5dfa87441bebc
  languageName: node
  linkType: hard

"postgres-range@npm:^1.1.1":
  version: 1.1.4
  resolution: "postgres-range@npm:1.1.4"
  checksum: 460af8c882a50e2c3d08ede5d5ee9e5e5a99dcf471e3ed55b4c17cad62dc85177b51bb8105b626a9c73de9edcba934e86665923b0d86e1c8e1f55d3e0f3530c6
  languageName: node
  linkType: hard

"readable-stream@npm:^3.0.0":
  version: 3.6.0
  resolution: "readable-stream@npm:3.6.0"
  dependencies:
    inherits: ^2.0.3
    string_decoder: ^1.1.1
    util-deprecate: ^1.0.1
  checksum: d4ea81502d3799439bb955a3a5d1d808592cf3133350ed352aeaa499647858b27b1c4013984900238b0873ec8d0d8defce72469fb7a83e61d53f5ad61cb80dc8
  languageName: node
  linkType: hard

"safe-buffer@npm:~5.2.0":
  version: 5.2.1
  resolution: "safe-buffer@npm:5.2.1"
  checksum: b99c4b41fdd67a6aaf280fcd05e9ffb0813654894223afb78a31f14a19ad220bba8aba1cb14eddce1fcfb037155fe6de4e861784eb434f7d11ed58d1e70dd491
  languageName: node
  linkType: hard

"safer-buffer@npm:>= 2.1.2 < 3.0.0":
  version: 2.1.2
  resolution: "safer-buffer@npm:2.1.2"
  checksum: cab8f25ae6f1434abee8d80023d7e72b598cf1327164ddab31003c51215526801e40b66c5e65d658a0af1e9d6478cadcb4c745f4bd6751f97d8644786c0978b0
  languageName: node
  linkType: hard

"seq-queue@npm:^0.0.5":
  version: 0.0.5
  resolution: "seq-queue@npm:0.0.5"
  checksum: f8695a6cb613e1b378b9686cde4ea626944091a412fc1c9d24c5039283d4351dd115f4505e4cf103d3a2e4a9a6a72fc7698fdce703839fb1fec9627aa4ce5563
  languageName: node
  linkType: hard

"split2@npm:^3.1.1":
  version: 3.2.2
  resolution: "split2@npm:3.2.2"
  dependencies:
    readable-stream: ^3.0.0
  checksum: 8127ddbedd0faf31f232c0e9192fede469913aa8982aa380752e0463b2e31c2359ef6962eb2d24c125bac59eeec76873678d723b1c7ff696216a1cd071e3994a
  languageName: node
  linkType: hard

"sqlstring@npm:^2.3.2":
  version: 2.3.2
  resolution: "sqlstring@npm:2.3.2"
  checksum: 6d17a604dcf724046ff0f0dec562164fc217968e7a962e6ed6cca6ae8d8cd7b264c595627fe74d485200274ad8913f88d4fb9e75469d0305b1a647492b7168e0
  languageName: node
  linkType: hard

"string_decoder@npm:^1.1.1":
  version: 1.3.0
  resolution: "string_decoder@npm:1.3.0"
  dependencies:
    safe-buffer: ~5.2.0
  checksum: 8417646695a66e73aefc4420eb3b84cc9ffd89572861fe004e6aeb13c7bc00e2f616247505d2dbbef24247c372f70268f594af7126f43548565c68c117bdeb56
  languageName: node
  linkType: hard

"ts-node@npm:^10.9.2":
  version: 10.9.2
  resolution: "ts-node@npm:10.9.2"
  dependencies:
    "@cspotcode/source-map-support": ^0.8.0
    "@tsconfig/node10": ^1.0.7
    "@tsconfig/node12": ^1.0.7
    "@tsconfig/node14": ^1.0.0
    "@tsconfig/node16": ^1.0.2
    acorn: ^8.4.1
    acorn-walk: ^8.1.1
    arg: ^4.1.0
    create-require: ^1.1.0
    diff: ^4.0.1
    make-error: ^1.1.1
    v8-compile-cache-lib: ^3.0.1
    yn: 3.1.1
  peerDependencies:
    "@swc/core": ">=1.2.50"
    "@swc/wasm": ">=1.2.50"
    "@types/node": "*"
    typescript: ">=2.7"
  peerDependenciesMeta:
    "@swc/core":
      optional: true
    "@swc/wasm":
      optional: true
  bin:
    ts-node: dist/bin.js
    ts-node-cwd: dist/bin-cwd.js
    ts-node-esm: dist/bin-esm.js
    ts-node-script: dist/bin-script.js
    ts-node-transpile-only: dist/bin-transpile.js
    ts-script: dist/bin-script-deprecated.js
  checksum: fde256c9073969e234526e2cfead42591b9a2aec5222bac154b0de2fa9e4ceb30efcd717ee8bc785a56f3a119bdd5aa27b333d9dbec94ed254bd26f8944c67ac
  languageName: node
  linkType: hard

"typescript@npm:^5.4.2":
  version: 5.4.2
  resolution: "typescript@npm:5.4.2"
  bin:
    tsc: bin/tsc
    tsserver: bin/tsserver
  checksum: 96d80fde25a09bcb04d399082fb27a808a9e17c2111e43849d2aafbd642d835e4f4ef0de09b0ba795ec2a700be6c4c2c3f62bf4660c05404c948727b5bbfb32a
  languageName: node
  linkType: hard

"typescript@patch:typescript@^5.4.2#~builtin<compat/typescript>":
  version: 5.4.2
  resolution: "typescript@patch:typescript@npm%3A5.4.2#~builtin<compat/typescript>::version=5.4.2&hash=1f5320"
  bin:
    tsc: bin/tsc
    tsserver: bin/tsserver
  checksum: c1b669146bca5529873aae60870e243fa8140c85f57ca32c42f898f586d73ce4a6b4f6bb02ae312729e214d7f5859a0c70da3e527a116fdf5ad00c9fc733ecc6
  languageName: node
  linkType: hard

"undici-types@npm:~5.26.4":
  version: 5.26.5
  resolution: "undici-types@npm:5.26.5"
  checksum: 3192ef6f3fd5df652f2dc1cd782b49d6ff14dc98e5dced492aa8a8c65425227da5da6aafe22523c67f035a272c599bb89cfe803c1db6311e44bed3042fc25487
  languageName: node
  linkType: hard

"util-deprecate@npm:^1.0.1":
  version: 1.0.2
  resolution: "util-deprecate@npm:1.0.2"
  checksum: 474acf1146cb2701fe3b074892217553dfcf9a031280919ba1b8d651a068c9b15d863b7303cb15bd00a862b498e6cf4ad7b4a08fb134edd5a6f7641681cb54a2
  languageName: node
  linkType: hard

"v8-compile-cache-lib@npm:^3.0.1":
  version: 3.0.1
  resolution: "v8-compile-cache-lib@npm:3.0.1"
  checksum: 78089ad549e21bcdbfca10c08850022b22024cdcc2da9b168bcf5a73a6ed7bf01a9cebb9eac28e03cd23a684d81e0502797e88f3ccd27a32aeab1cfc44c39da0
  languageName: node
  linkType: hard

"xtend@npm:^4.0.0":
  version: 4.0.2
  resolution: "xtend@npm:4.0.2"
  checksum: ac5dfa738b21f6e7f0dd6e65e1b3155036d68104e67e5d5d1bde74892e327d7e5636a076f625599dc394330a731861e87343ff184b0047fef1360a7ec0a5a36a
  languageName: node
  linkType: hard

"yn@npm:3.1.1":
  version: 3.1.1
  resolution: "yn@npm:3.1.1"
  checksum: 2c487b0e149e746ef48cda9f8bad10fc83693cd69d7f9dcd8be4214e985de33a29c9e24f3c0d6bcf2288427040a8947406ab27f7af67ee9456e6b84854f02dd6
  languageName: node
  linkType: hard
